
Microsoft Visual Studio Solution File, Format Version 12.00
Project("{FAE04EC0-301F-11D3-BF4B-00C04F79EFBC}") = "BenLanSystem", "BenLanSystem\BenLanSystem.csproj", "{F8C1D80E-92F0-45A1-BFE0-C97FDB4EBA1B}"
EndProject
Global
	GlobalSection(SolutionConfigurationPlatforms) = preSolution
		Debug|Any CPU = Debug|Any CPU
		Release|Any CPU = Release|Any CPU
	EndGlobalSection
	GlobalSection(ProjectConfigurationPlatforms) = postSolution
		{F8C1D80E-92F0-45A1-BFE0-C97FDB4EBA1B}.Debug|Any CPU.ActiveCfg = Debug|Any CPU
		{F8C1D80E-92F0-45A1-BFE0-C97FDB4EBA1B}.Debug|Any CPU.Build.0 = Debug|Any CPU
		{F8C1D80E-92F0-45A1-BFE0-C97FDB4EBA1B}.Release|Any CPU.ActiveCfg = Release|Any CPU
		{F8C1D80E-92F0-45A1-BFE0-C97FDB4EBA1B}.Release|Any CPU.Build.0 = Release|Any CPU
	EndGlobalSection
EndGlobal
